schema: '2.0'
stages:
  data_ingestion:
    cmd: python -m src.data.data_ingestion
    deps:
    - path: src/data/data_ingestion.py
      hash: md5
      md5: 78a27bde88333eaf2b52d27f13a345f7
      size: 4197
    params:
      params.yaml:
        data_ingestion.test_size: 0.3
    outs:
    - path: data/raw
      hash: md5
      md5: 03b3b604b1f92a17191a7fc947e576d6.dir
      size: 827973
      nfiles: 2
  data_preprocessing:
    cmd: python -m src.data.data_preprocessing
    deps:
    - path: data/raw
      hash: md5
      md5: 03b3b604b1f92a17191a7fc947e576d6.dir
      size: 827973
      nfiles: 2
    - path: src/data/data_preprocessing.py
      hash: md5
      md5: e6759d1d3c0acd50df6dcfce22aea356
      size: 6026
    outs:
    - path: data/processed
      hash: md5
      md5: 5dc0cd6aef8578eb36f1b67dc4d67723.dir
      size: 566210
      nfiles: 2
  feature_engineering:
    cmd: python -m src.features.feature_engineering
    deps:
    - path: data/processed
      hash: md5
      md5: 5dc0cd6aef8578eb36f1b67dc4d67723.dir
      size: 566210
      nfiles: 2
    - path: src/features/feature_engineering.py
      hash: md5
      md5: b3204541ad754ceaaf96015d68e1e0c4
      size: 5766
    params:
      params.yaml:
        feature_engineering.max_features: 50
    outs:
    - path: data/features
      hash: md5
      md5: 05946673e56767812dc40c7dc3c4a20b.dir
      size: 2328828
      nfiles: 2
  model_building:
    cmd: python -m src.model.model_building
    deps:
    - path: data/features
      hash: md5
      md5: 05946673e56767812dc40c7dc3c4a20b.dir
      size: 2328828
      nfiles: 2
    - path: src/model/model_building.py
      hash: md5
      md5: e11f90ec23e06c176cd3547c1c6da920
      size: 3268
    params:
      params.yaml:
        model_building.learning_rate: 0.1
        model_building.n_estimators: 20
    outs:
    - path: model.pkl
      hash: md5
      md5: 24a2b1e8daaca0dec3124f2849432312
      size: 32617
  model_evaluation:
    cmd: python -m src.model.model_evaluation
    deps:
    - path: model.pkl
      hash: md5
      md5: 24a2b1e8daaca0dec3124f2849432312
      size: 32617
    - path: src/model/model_evaluation.py
      hash: md5
      md5: 3f12e6599290752938de2cf53a289f27
      size: 4274
    outs:
    - path: metrics.json
      hash: md5
      md5: 28d583f1f6ee86fac5af558acffc269d
      size: 146
